# THIS IS AN AUTOGENERATED FILE. DO NOT EDIT THIS FILE DIRECTLY.
# yarn lockfile v1


add@^2.0.6:
  version "2.0.6"
  resolved "https://registry.yarnpkg.com/add/-/add-2.0.6.tgz#248f0a9f6e5a528ef2295dbeec30532130ae2235"
  integrity sha1-JI8Kn25aUo7yKV2+7DBTITCuIjU=

backoff@~0.3.0:
  version "0.3.0"
  resolved "https://registry.yarnpkg.com/backoff/-/backoff-0.3.0.tgz#d63cbab90b0475d3ccf2fac929e11af963a96608"
  integrity sha1-1jy6uQsEddPM8vrJKeEa+WOpZgg=

boot@^0.8.2:
  version "0.8.2"
  resolved "https://registry.yarnpkg.com/boot/-/boot-0.8.2.tgz#c04fdba2da1fccbc5cd41796d50100e9fb4bdb24"
  integrity sha1-wE/botofzLxc1BeW1QEA6ftL2yQ=
  dependencies:
    backoff "~0.3.0"
    duplexer "~0.0.2"
    mux-demux-shoe "~0.2.4"
    pause-stream "0.0.3"
    through "~0.1.4"

bootstrap@^4.3.1:
  version "4.3.1"
  resolved "https://registry.yarnpkg.com/bootstrap/-/bootstrap-4.3.1.tgz#280ca8f610504d99d7b6b4bfc4b68cec601704ac"
  integrity sha512-rXqOmH1VilAt2DyPzluTi2blhk17bO7ef+zLLPlWvG494pDxcM234pJ8wTc/6R40UWizAIIMgxjvxZg5kmsbag==

duplexer@0.0.1:
  version "0.0.1"
  resolved "https://registry.yarnpkg.com/duplexer/-/duplexer-0.0.1.tgz#03caae06f0f13987a15ac898f3a83cd8a9700da6"
  integrity sha1-A8quBvDxOYehWsiY86g82KlwDaY=

duplexer@~0.0.2:
  version "0.0.4"
  resolved "https://registry.yarnpkg.com/duplexer/-/duplexer-0.0.4.tgz#afcb7f1f8b8d74f820726171d5d64ac9e4a8ff20"
  integrity sha1-r8t/H4uNdPggcmFx1dZKyeSo/yA=

event-stream@~2.2:
  version "2.2.3"
  resolved "https://registry.yarnpkg.com/event-stream/-/event-stream-2.2.3.tgz#0250205b259916490f6783b41c2e49b3f01d42f7"
  integrity sha1-AlAgWyWZFkkPZ4O0HC5Js/AdQvc=
  dependencies:
    duplexer "0.0.1"
    from "~0"
    map-stream "0.0.1"
    optimist "0.2"
    through "0.0.4"

faye-websocket@^0.10.0:
  version "0.10.0"
  resolved "https://registry.yarnpkg.com/faye-websocket/-/faye-websocket-0.10.0.tgz#4e492f8d04dfb6f89003507f6edbf2d501e7c6f4"
  integrity sha1-TkkvjQTftviQA1B/btvy1QHnxvQ=
  dependencies:
    websocket-driver ">=0.5.1"

from@~0:
  version "0.1.7"
  resolved "https://registry.yarnpkg.com/from/-/from-0.1.7.tgz#83c60afc58b9c56997007ed1a768b3ab303a44fe"
  integrity sha1-g8YK/Fi5xWmXAH7Rp2izqzA6RP4=

"http-parser-js@>=0.4.0 <0.4.11":
  version "0.4.10"
  resolved "https://registry.yarnpkg.com/http-parser-js/-/http-parser-js-0.4.10.tgz#92c9c1374c35085f75db359ec56cc257cbb93fa4"
  integrity sha1-ksnBN0w1CF912zWexWzCV8u5P6Q=

map-stream@0.0.1:
  version "0.0.1"
  resolved "https://registry.yarnpkg.com/map-stream/-/map-stream-0.0.1.tgz#7fd2a254f97e9272aa634717bfc3e73c0662afaa"
  integrity sha1-f9KiVPl+knKqY0cXv8PnPAZir6o=

mux-demux-shoe@~0.2.4:
  version "0.2.7"
  resolved "https://registry.yarnpkg.com/mux-demux-shoe/-/mux-demux-shoe-0.2.7.tgz#57da3dae7c0c152002d6c8a37ea89258e603fc35"
  integrity sha1-V9o9rnwMFSAC1sijfqiSWOYD/DU=
  dependencies:
    mux-demux "git://github.com/Raynos/mux-demux.git#error-messages"
    shoe "0.0.4"

"mux-demux@git://github.com/Raynos/mux-demux.git#error-messages":
  version "2.3.0"
  resolved "git://github.com/Raynos/mux-demux.git#5ad47cac978f1879972dcada93bde8bec26fda64"
  dependencies:
    event-stream "~2.2"
    xtend "~1.0.3"

optimist@0.2:
  version "0.2.8"
  resolved "https://registry.yarnpkg.com/optimist/-/optimist-0.2.8.tgz#e981ab7e268b457948593b55674c099a815cac31"
  integrity sha1-6YGrfiaLRXlIWTtVZ0wJmoFcrDE=
  dependencies:
    wordwrap ">=0.0.1 <0.1.0"

pause-stream@0.0.3:
  version "0.0.3"
  resolved "https://registry.yarnpkg.com/pause-stream/-/pause-stream-0.0.3.tgz#51ff3feab23b7e2d74058970c59da633598b5a02"
  integrity sha1-Uf8/6rI7fi10BYlwxZ2mM1mLWgI=

safe-buffer@>=5.1.0:
  version "5.2.0"
  resolved "https://registry.yarnpkg.com/safe-buffer/-/safe-buffer-5.2.0.tgz#b74daec49b1148f88c64b68d49b1e815c1f2f519"
  integrity sha512-fZEwUGbVl7kouZs1jCdMLdt95hdIv0ZeHg6L7qPeciMZhZ+/gdesW4wgTARkrFWEpspjEATAzUGPG8N2jJiwbg==

shoe@0.0.4:
  version "0.0.4"
  resolved "https://registry.yarnpkg.com/shoe/-/shoe-0.0.4.tgz#f0417cae19c8d14aed0fec889754b06e8ceff82e"
  integrity sha1-8EF8rhnI0UrtD+yIl1Swbozv+C4=
  dependencies:
    sockjs "~0.3.1"
    sockjs-client "git://github.com/substack/sockjs-client.git#browserify-npm"

"sockjs-client@git://github.com/substack/sockjs-client.git#browserify-npm":
  version "0.0.0-unreleasable"
  resolved "git://github.com/substack/sockjs-client.git#40d48d06b4dba884416bf88a051f76ca3c8ffcae"

sockjs@~0.3.1:
  version "0.3.19"
  resolved "https://registry.yarnpkg.com/sockjs/-/sockjs-0.3.19.tgz#d976bbe800af7bd20ae08598d582393508993c0d"
  integrity sha512-V48klKZl8T6MzatbLlzzRNhMepEys9Y4oGFpypBFFn1gLI/QQ9HtLLyWJNbPlwGLelOVOEijUbTTJeLLI59jLw==
  dependencies:
    faye-websocket "^0.10.0"
    uuid "^3.0.1"

through@0.0.4:
  version "0.0.4"
  resolved "https://registry.yarnpkg.com/through/-/through-0.0.4.tgz#0bf2f0fffafaac4bacbc533667e98aad00b588c8"
  integrity sha1-C/Lw//r6rEusvFM2Z+mKrQC1iMg=

through@~0.1.4:
  version "0.1.4"
  resolved "https://registry.yarnpkg.com/through/-/through-0.1.4.tgz#8059576d833089b3c18eccd37580bf9cc5b59130"
  integrity sha1-gFlXbYMwibPBjszTdYC/nMW1kTA=

uuid@^3.0.1:
  version "3.3.3"
  resolved "https://registry.yarnpkg.com/uuid/-/uuid-3.3.3.tgz#4568f0216e78760ee1dbf3a4d2cf53e224112866"
  integrity sha512-pW0No1RGHgzlpHJO1nsVrHKpOEIxkGg1xB+v0ZmdNH5OAeAwzAVrCnI2/6Mtx+Uys6iaylxa+D3g4j63IKKjSQ==

websocket-driver@>=0.5.1:
  version "0.7.3"
  resolved "https://registry.yarnpkg.com/websocket-driver/-/websocket-driver-0.7.3.tgz#a2d4e0d4f4f116f1e6297eba58b05d430100e9f9"
  integrity sha512-bpxWlvbbB459Mlipc5GBzzZwhoZgGEZLuqPaR0INBGnPAY1vdBX6hPnoFXiw+3yWxDuHyQjO2oXTMyS8A5haFg==
  dependencies:
    http-parser-js ">=0.4.0 <0.4.11"
    safe-buffer ">=5.1.0"
    websocket-extensions ">=0.1.1"

websocket-extensions@>=0.1.1:
  version "0.1.3"
  resolved "https://registry.yarnpkg.com/websocket-extensions/-/websocket-extensions-0.1.3.tgz#5d2ff22977003ec687a4b87073dfbbac146ccf29"
  integrity sha512-nqHUnMXmBzT0w570r2JpJxfiSD1IzoI+HGVdd3aZ0yNi3ngvQ4jv1dtHt5VGxfI2yj5yqImPhOK4vmIh2xMbGg==

"wordwrap@>=0.0.1 <0.1.0":
  version "0.0.3"
  resolved "https://registry.yarnpkg.com/wordwrap/-/wordwrap-0.0.3.tgz#a3d5da6cd5c0bc0008d37234bbaf1bed63059107"
  integrity sha1-o9XabNXAvAAI03I0u68b7WMFkQc=

xtend@~1.0.3:
  version "1.0.3"
  resolved "https://registry.yarnpkg.com/xtend/-/xtend-1.0.3.tgz#3f5d937353cced8e085399a563fdb22541c2960a"
  integrity sha1-P12Tc1PM7Y4IU5mlY/2yJUHClgo=

yarn@^1.17.3:
  version "1.17.3"
  resolved "https://registry.yarnpkg.com/yarn/-/yarn-1.17.3.tgz#60e0b77d079eb78e753bb616f7592b51b6a9adce"
  integrity sha512-CgA8o7nRZaQvmeF/WBx2FC7f9W/0X59T2IaLYqgMo6637wfp5mMEsM3YXoJtKUspnpmDJKl/gGFhnqS+sON7hA==
